
Microsoft Visual Studio Solution File, Format Version 12.00
# Visual Studio 15
VisualStudioVersion = 15.0.27703.2047
MinimumVisualStudioVersion = 10.0.40219.1
Project("{2150E333-8FDC-42A3-9474-1A3956D46DE8}") = "1 - Presentation", "1 - Presentation", "{3E9B8346-3D7D-4BC0-A232-C378AB76F3F8}"
EndProject
Project("{2150E333-8FDC-42A3-9474-1A3956D46DE8}") = "2 - Services", "2 - Services", "{067AEBAE-45DC-4C2E-8736-C93745FD90B9}"
EndProject
Project("{2150E333-8FDC-42A3-9474-1A3956D46DE8}") = "3 - Application", "3 - Application", "{6E4C3FC6-7394-4B05-9C40-17C2EF741981}"
EndProject
Project("{2150E333-8FDC-42A3-9474-1A3956D46DE8}") = "4 - Domain", "4 - Domain", "{B8A0F6C7-E4DD-44A8-BDC0-5AF648D86833}"
EndProject
Project("{2150E333-8FDC-42A3-9474-1A3956D46DE8}") = "5 - Infra", "5 - Infra", "{E7786627-622C-42AF-A64D-08DB64137923}"
EndProject
Project("{2150E333-8FDC-42A3-9474-1A3956D46DE8}") = "5.1 - Data", "5.1 - Data", "{2736F820-8FFF-4B0F-8D76-9DB9B9150923}"
EndProject
Project("{2150E333-8FDC-42A3-9474-1A3956D46DE8}") = "5.2 - CrossCutting", "5.2 - CrossCutting", "{53682E0E-0B0B-4F03-8762-3ECF0CB31C73}"
EndProject
Project("{FAE04EC0-301F-11D3-BF4B-00C04F79EFBC}") = "EP.CursoMvc.Domain", "src\EP.CursoMvc.Domain\EP.CursoMvc.Domain.csproj", "{74CE31EC-19C8-4CA0-8C1B-B9A5898CECD9}"
EndProject
Project("{FAE04EC0-301F-11D3-BF4B-00C04F79EFBC}") = "EP.CursoMvc.Infra.Data", "src\EP.CursoMvc.Infra.Data\EP.CursoMvc.Infra.Data.csproj", "{E4573042-384D-49A6-9515-68046ACCF1F2}"
EndProject
Project("{FAE04EC0-301F-11D3-BF4B-00C04F79EFBC}") = "EP.CursoMvc.Application", "src\EP.CursoMvc.Application\EP.CursoMvc.Application.csproj", "{ED9BAA80-2F6F-491F-B858-34567F758BE1}"
EndProject
Project("{FAE04EC0-301F-11D3-BF4B-00C04F79EFBC}") = "EP.CursoMvc.UI.Web", "src\EP.CursoMvc.UI.Web\EP.CursoMvc.UI.Web.csproj", "{70C0BA45-BB29-45F6-9F87-E1A37F10A64E}"
EndProject
Project("{FAE04EC0-301F-11D3-BF4B-00C04F79EFBC}") = "EP.CursoMvc.Infra.CrossCutting.Filters", "src\EP.CursoMvc.Infra.CrossCutting.Filters\EP.CursoMvc.Infra.CrossCutting.Filters.csproj", "{E11323F7-75ED-428A-AE6C-CE7FC24D2DB3}"
EndProject
Project("{FAE04EC0-301F-11D3-BF4B-00C04F79EFBC}") = "EP.CursoMvc.Infra.CrossCutting.IoC", "src\EP.CursoMvc.Infra.CrossCutting.IoC\EP.CursoMvc.Infra.CrossCutting.IoC.csproj", "{2E502DF9-F61C-4E85-963A-FCA31CC8DB0A}"
EndProject
Project("{FAE04EC0-301F-11D3-BF4B-00C04F79EFBC}") = "EP.CursoMvc.Domain.Tests", "tests\EP.CursoMvc.Domain.Tests\EP.CursoMvc.Domain.Tests.csproj", "{37798D14-B37E-45A3-AA3B-C17213CFE170}"
EndProject
Project("{FAE04EC0-301F-11D3-BF4B-00C04F79EFBC}") = "EP.CursoMvc.REST.CursoAPI", "src\EP.CursoMvc.REST.CursoAPI\EP.CursoMvc.REST.CursoAPI.csproj", "{08937FF6-F309-4ABA-93A3-03B9BCFF5312}"
EndProject
Global
	GlobalSection(SolutionConfigurationPlatforms) = preSolution
		Debug|Any CPU = Debug|Any CPU
		Release|Any CPU = Release|Any CPU
	EndGlobalSection
	GlobalSection(ProjectConfigurationPlatforms) = postSolution
		{74CE31EC-19C8-4CA0-8C1B-B9A5898CECD9}.Debug|Any CPU.ActiveCfg = Debug|Any CPU
		{74CE31EC-19C8-4CA0-8C1B-B9A5898CECD9}.Debug|Any CPU.Build.0 = Debug|Any CPU
		{74CE31EC-19C8-4CA0-8C1B-B9A5898CECD9}.Release|Any CPU.ActiveCfg = Release|Any CPU
		{74CE31EC-19C8-4CA0-8C1B-B9A5898CECD9}.Release|Any CPU.Build.0 = Release|Any CPU
		{E4573042-384D-49A6-9515-68046ACCF1F2}.Debug|Any CPU.ActiveCfg = Debug|Any CPU
		{E4573042-384D-49A6-9515-68046ACCF1F2}.Debug|Any CPU.Build.0 = Debug|Any CPU
		{E4573042-384D-49A6-9515-68046ACCF1F2}.Release|Any CPU.ActiveCfg = Release|Any CPU
		{E4573042-384D-49A6-9515-68046ACCF1F2}.Release|Any CPU.Build.0 = Release|Any CPU
		{ED9BAA80-2F6F-491F-B858-34567F758BE1}.Debug|Any CPU.ActiveCfg = Debug|Any CPU
		{ED9BAA80-2F6F-491F-B858-34567F758BE1}.Debug|Any CPU.Build.0 = Debug|Any CPU
		{ED9BAA80-2F6F-491F-B858-34567F758BE1}.Release|Any CPU.ActiveCfg = Release|Any CPU
		{ED9BAA80-2F6F-491F-B858-34567F758BE1}.Release|Any CPU.Build.0 = Release|Any CPU
		{70C0BA45-BB29-45F6-9F87-E1A37F10A64E}.Debug|Any CPU.ActiveCfg = Debug|Any CPU
		{70C0BA45-BB29-45F6-9F87-E1A37F10A64E}.Debug|Any CPU.Build.0 = Debug|Any CPU
		{70C0BA45-BB29-45F6-9F87-E1A37F10A64E}.Release|Any CPU.ActiveCfg = Release|Any CPU
		{70C0BA45-BB29-45F6-9F87-E1A37F10A64E}.Release|Any CPU.Build.0 = Release|Any CPU
		{E11323F7-75ED-428A-AE6C-CE7FC24D2DB3}.Debug|Any CPU.ActiveCfg = Debug|Any CPU
		{E11323F7-75ED-428A-AE6C-CE7FC24D2DB3}.Debug|Any CPU.Build.0 = Debug|Any CPU
		{E11323F7-75ED-428A-AE6C-CE7FC24D2DB3}.Release|Any CPU.ActiveCfg = Release|Any CPU
		{E11323F7-75ED-428A-AE6C-CE7FC24D2DB3}.Release|Any CPU.Build.0 = Release|Any CPU
		{2E502DF9-F61C-4E85-963A-FCA31CC8DB0A}.Debug|Any CPU.ActiveCfg = Debug|Any CPU
		{2E502DF9-F61C-4E85-963A-FCA31CC8DB0A}.Debug|Any CPU.Build.0 = Debug|Any CPU
		{2E502DF9-F61C-4E85-963A-FCA31CC8DB0A}.Release|Any CPU.ActiveCfg = Release|Any CPU
		{2E502DF9-F61C-4E85-963A-FCA31CC8DB0A}.Release|Any CPU.Build.0 = Release|Any CPU
		{37798D14-B37E-45A3-AA3B-C17213CFE170}.Debug|Any CPU.ActiveCfg = Debug|Any CPU
		{37798D14-B37E-45A3-AA3B-C17213CFE170}.Debug|Any CPU.Build.0 = Debug|Any CPU
		{37798D14-B37E-45A3-AA3B-C17213CFE170}.Release|Any CPU.ActiveCfg = Release|Any CPU
		{37798D14-B37E-45A3-AA3B-C17213CFE170}.Release|Any CPU.Build.0 = Release|Any CPU
		{08937FF6-F309-4ABA-93A3-03B9BCFF5312}.Debug|Any CPU.ActiveCfg = Debug|Any CPU
		{08937FF6-F309-4ABA-93A3-03B9BCFF5312}.Debug|Any CPU.Build.0 = Debug|Any CPU
		{08937FF6-F309-4ABA-93A3-03B9BCFF5312}.Release|Any CPU.ActiveCfg = Release|Any CPU
		{08937FF6-F309-4ABA-93A3-03B9BCFF5312}.Release|Any CPU.Build.0 = Release|Any CPU
	EndGlobalSection
	GlobalSection(SolutionProperties) = preSolution
		HideSolutionNode = FALSE
	EndGlobalSection
	GlobalSection(NestedProjects) = preSolution
		{2736F820-8FFF-4B0F-8D76-9DB9B9150923} = {E7786627-622C-42AF-A64D-08DB64137923}
		{53682E0E-0B0B-4F03-8762-3ECF0CB31C73} = {E7786627-622C-42AF-A64D-08DB64137923}
		{74CE31EC-19C8-4CA0-8C1B-B9A5898CECD9} = {B8A0F6C7-E4DD-44A8-BDC0-5AF648D86833}
		{E4573042-384D-49A6-9515-68046ACCF1F2} = {2736F820-8FFF-4B0F-8D76-9DB9B9150923}
		{ED9BAA80-2F6F-491F-B858-34567F758BE1} = {6E4C3FC6-7394-4B05-9C40-17C2EF741981}
		{70C0BA45-BB29-45F6-9F87-E1A37F10A64E} = {3E9B8346-3D7D-4BC0-A232-C378AB76F3F8}
		{E11323F7-75ED-428A-AE6C-CE7FC24D2DB3} = {53682E0E-0B0B-4F03-8762-3ECF0CB31C73}
		{2E502DF9-F61C-4E85-963A-FCA31CC8DB0A} = {53682E0E-0B0B-4F03-8762-3ECF0CB31C73}
		{37798D14-B37E-45A3-AA3B-C17213CFE170} = {B8A0F6C7-E4DD-44A8-BDC0-5AF648D86833}
		{08937FF6-F309-4ABA-93A3-03B9BCFF5312} = {067AEBAE-45DC-4C2E-8736-C93745FD90B9}
	EndGlobalSection
	GlobalSection(ExtensibilityGlobals) = postSolution
		SolutionGuid = {EA82C098-4AAD-4276-B61B-4D1EEA405AF2}
	EndGlobalSection
EndGlobal
